// !$*UTF8*$!
{
	archiveVersion = 1;
	classes = {
	};
	objectVersion = 50;
	objects = {

/* Begin PBXBuildFile section */
		5A5CFCF5EF55111AD0983F6E /* Pods_RxCocoaCommunity.framework in Frameworks */ = {isa = PBXBuildFile; fileRef = BD142277DF88CDE0826FE709 /* Pods_RxCocoaCommunity.framework */; };
		A0085F132180100200A81067 /* AppDelegate.swift in Sources */ = {isa = PBXBuildFile; fileRef = A0085F122180100200A81067 /* AppDelegate.swift */; };
		A0085F152180100200A81067 /* ViewController.swift in Sources */ = {isa = PBXBuildFile; fileRef = A0085F142180100200A81067 /* ViewController.swift */; };
		A0085F182180100200A81067 /* Main.storyboard in Resources */ = {isa = PBXBuildFile; fileRef = A0085F162180100200A81067 /* Main.storyboard */; };
		A0085F1A2180100300A81067 /* Assets.xcassets in Resources */ = {isa = PBXBuildFile; fileRef = A0085F192180100300A81067 /* Assets.xcassets */; };
		A0085F1D2180100300A81067 /* LaunchScreen.storyboard in Resources */ = {isa = PBXBuildFile; fileRef = A0085F1B2180100300A81067 /* LaunchScreen.storyboard */; };
/* End PBXBuildFile section */

/* Begin PBXFileReference section */
		9806E42520AF6BA24DB69C28 /* Pods-RxCocoaCommunity.debug.xcconfig */ = {isa = PBXFileReference; includeInIndex = 1; lastKnownFileType = text.xcconfig; name = "Pods-RxCocoaCommunity.debug.xcconfig"; path = "Pods/Target Support Files/Pods-RxCocoaCommunity/Pods-RxCocoaCommunity.debug.xcconfig"; sourceTree = "<group>"; };
		A0085F0F2180100200A81067 /* RxCocoaCommunity.app */ = {isa = PBXFileReference; explicitFileType = wrapper.application; includeInIndex = 0; path = RxCocoaCommunity.app; sourceTree = BUILT_PRODUCTS_DIR; };
		A0085F122180100200A81067 /* AppDelegate.swift */ = {isa = PBXFileReference; lastKnownFileType = sourcecode.swift; path = AppDelegate.swift; sourceTree = "<group>"; };
		A0085F142180100200A81067 /* ViewController.swift */ = {isa = PBXFileReference; lastKnownFileType = sourcecode.swift; path = ViewController.swift; sourceTree = "<group>"; };
		A0085F172180100200A81067 /* Base */ = {isa = PBXFileReference; lastKnownFileType = file.storyboard; name = Base; path = Base.lproj/Main.storyboard; sourceTree = "<group>"; };
		A0085F192180100300A81067 /* Assets.xcassets */ = {isa = PBXFileReference; lastKnownFileType = folder.assetcatalog; path = Assets.xcassets; sourceTree = "<group>"; };
		A0085F1C2180100300A81067 /* Base */ = {isa = PBXFileReference; lastKnownFileType = file.storyboard; name = Base; path = Base.lproj/LaunchScreen.storyboard; sourceTree = "<group>"; };
		A0085F1E2180100300A81067 /* Info.plist */ = {isa = PBXFileReference; lastKnownFileType = text.plist.xml; path = Info.plist; sourceTree = "<group>"; };
		B34C7BCB3912B35563D94494 /* Pods-RxCocoaCommunity.release.xcconfig */ = {isa = PBXFileReference; includeInIndex = 1; lastKnownFileType = text.xcconfig; name = "Pods-RxCocoaCommunity.release.xcconfig"; path = "Pods/Target Support Files/Pods-RxCocoaCommunity/Pods-RxCocoaCommunity.release.xcconfig"; sourceTree = "<group>"; };
		BD142277DF88CDE0826FE709 /* Pods_RxCocoaCommunity.framework */ = {isa = PBXFileReference; explicitFileType = wrapper.framework; includeInIndex = 0; path = Pods_RxCocoaCommunity.framework; sourceTree = BUILT_PRODUCTS_DIR; };
/* End PBXFileReference section */

/* Begin PBXFrameworksBuildPhase section */
		A0085F0C2180100200A81067 /* Frameworks */ = {
			isa = PBXFrameworksBuildPhase;
			buildActionMask = 2147483647;
			files = (
				5A5CFCF5EF55111AD0983F6E /* Pods_RxCocoaCommunity.framework in Frameworks */,
			);
			runOnlyForDeploymentPostprocessing = 0;
		};
/* End PBXFrameworksBuildPhase section */

/* Begin PBXGroup section */
		A0085F062180100200A81067 = {
			isa = PBXGroup;
			children = (
				A0085F112180100200A81067 /* RxCocoaCommunity */,
				A0085F102180100200A81067 /* Products */,
				BF5A047FD4625646C48A2E8B /* Pods */,
				CCE81338F6D5E713F4A30E51 /* Frameworks */,
			);
			sourceTree = "<group>";
		};
		A0085F102180100200A81067 /* Products */ = {
			isa = PBXGroup;
			children = (
				A0085F0F2180100200A81067 /* RxCocoaCommunity.app */,
			);
			name = Products;
			sourceTree = "<group>";
		};
		A0085F112180100200A81067 /* RxCocoaCommunity */ = {
			isa = PBXGroup;
			children = (
				A0085F122180100200A81067 /* AppDelegate.swift */,
				A0085F142180100200A81067 /* ViewController.swift */,
				A0085F162180100200A81067 /* Main.storyboard */,
				A0085F192180100300A81067 /* Assets.xcassets */,
				A0085F1B2180100300A81067 /* LaunchScreen.storyboard */,
				A0085F1E2180100300A81067 /* Info.plist */,
			);
			path = RxCocoaCommunity;
			sourceTree = "<group>";
		};
		BF5A047FD4625646C48A2E8B /* Pods */ = {
			isa = PBXGroup;
			children = (
				9806E42520AF6BA24DB69C28 /* Pods-RxCocoaCommunity.debug.xcconfig */,
				B34C7BCB3912B35563D94494 /* Pods-RxCocoaCommunity.release.xcconfig */,
			);
			name = Pods;
			sourceTree = "<group>";
		};
		CCE81338F6D5E713F4A30E51 /* Frameworks */ = {
			isa = PBXGroup;
			children = (
				BD142277DF88CDE0826FE709 /* Pods_RxCocoaCommunity.framework */,
			);
			name = Frameworks;
			sourceTree = "<group>";
		};
/* End PBXGroup section */

/* Begin PBXNativeTarget section */
		A0085F0E2180100200A81067 /* RxCocoaCommunity */ = {
			isa = PBXNativeTarget;
			buildConfigurationList = A0085F212180100300A81067 /* Build configuration list for PBXNativeTarget "RxCocoaCommunity" */;
			buildPhases = (
				613A0363F4EDD1E9A7AE6D6E /* [CP] Check Pods Manifest.lock */,
				A0085F0B2180100200A81067 /* Sources */,
				A0085F0C2180100200A81067 /* Frameworks */,
				A0085F0D2180100200A81067 /* Resources */,
				D9443B7C68036886DC3CCEBF /* [CP] Embed Pods Frameworks */,
			);
			buildRules = (
			);
			dependencies = (
			);
			name = RxCocoaCommunity;
			productName = RxCocoaCommunity;
			productReference = A0085F0F2180100200A81067 /* RxCocoaCommunity.app */;
			productType = "com.apple.product-type.application";
		};
/* End PBXNativeTarget section */

/* Begin PBXProject section */
		A0085F072180100200A81067 /* Project object */ = {
			isa = PBXProject;
			attributes = {
				LastSwiftUpdateCheck = 1000;
				LastUpgradeCheck = 1000;
				ORGANIZATIONNAME = lanjing;
				TargetAttributes = {
					A0085F0E2180100200A81067 = {
						CreatedOnToolsVersion = 10.0;
					};
				};
			};
			buildConfigurationList = A0085F0A2180100200A81067 /* Build configuration list for PBXProject "RxCocoaCommunity" */;
			compatibilityVersion = "Xcode 9.3";
			developmentRegion = en;
			hasScannedForEncodings = 0;
			knownRegions = (
				en,
				Base,
			);
			mainGroup = A0085F062180100200A81067;
			productRefGroup = A0085F102180100200A81067 /* Products */;
			projectDirPath = "";
			projectRoot = "";
			targets = (
				A0085F0E2180100200A81067 /* RxCocoaCommunity */,
			);
		};
/* End PBXProject section */

/* Begin PBXResourcesBuildPhase section */
		A0085F0D2180100200A81067 /* Resources */ = {
			isa = PBXResourcesBuildPhase;
			buildActionMask = 2147483647;
			files = (
				A0085F1D2180100300A81067 /* LaunchScreen.storyboard in Resources */,
				A0085F1A2180100300A81067 /* Assets.xcassets in Resources */,
				A0085F182180100200A81067 /* Main.storyboard in Resources */,
			);
			runOnlyForDeploymentPostprocessing = 0;
		};
/* End PBXResourcesBuildPhase section */

/* Begin PBXShellScriptBuildPhase section */
		613A0363F4EDD1E9A7AE6D6E /* [CP] Check Pods Manifest.lock */ = {
			isa = PBXShellScriptBuildPhase;
			buildActionMask = 2147483647;
			files = (
			);
			inputPaths = (
				"${PODS_PODFILE_DIR_PATH}/Podfile.lock",
				"${PODS_ROOT}/Manifest.lock",
			);
			name = "[CP] Check Pods Manifest.lock";
			outputPaths = (
				"$(DERIVED_FILE_DIR)/Pods-RxCocoaCommunity-checkManifestLockResult.txt",
			);
			runOnlyForDeploymentPostprocessing = 0;
			shellPath = /bin/sh;
			shellScript = "diff \"${PODS_PODFILE_DIR_PATH}/Podfile.lock\" \"${PODS_ROOT}/Manifest.lock\" > /dev/null\nif [ $? != 0 ] ; then\n    # print error to STDERR\n    echo \"error: The sandbox is not in sync with the Podfile.lock. Run 'pod install' or update your CocoaPods installation.\" >&2\n    exit 1\nfi\n# This output is used by Xcode 'outputs' to avoid re-running this script phase.\necho \"SUCCESS\" > \"${SCRIPT_OUTPUT_FILE_0}\"\n";
			showEnvVarsInLog = 0;
		};
		D9443B7C68036886DC3CCEBF /* [CP] Embed Pods Frameworks */ = {
			isa = PBXShellScriptBuildPhase;
			buildActionMask = 2147483647;
			files = (
			);
			inputPaths = (
				"${SRCROOT}/Pods/Target Support Files/Pods-RxCocoaCommunity/Pods-RxCocoaCommunity-frameworks.sh",
				"${BUILT_PRODUCTS_DIR}/Action/Action.framework",
				"${BUILT_PRODUCTS_DIR}/Differentiator/Differentiator.framework",
				"${BUILT_PRODUCTS_DIR}/RxBlocking/RxBlocking.framework",
				"${BUILT_PRODUCTS_DIR}/RxCocoa/RxCocoa.framework",
				"${BUILT_PRODUCTS_DIR}/RxDataSources/RxDataSources.framework",
				"${BUILT_PRODUCTS_DIR}/RxSwift/RxSwift.framework",
				"${BUILT_PRODUCTS_DIR}/SwiftyJSON/SwiftyJSON.framework",
			);
			name = "[CP] Embed Pods Frameworks";
			outputPaths = (
				"${TARGET_BUILD_DIR}/${FRAMEWORKS_FOLDER_PATH}/Action.framework",
				"${TARGET_BUILD_DIR}/${FRAMEWORKS_FOLDER_PATH}/Differentiator.framework",
				"${TARGET_BUILD_DIR}/${FRAMEWORKS_FOLDER_PATH}/RxBlocking.framework",
				"${TARGET_BUILD_DIR}/${FRAMEWORKS_FOLDER_PATH}/RxCocoa.framework",
				"${TARGET_BUILD_DIR}/${FRAMEWORKS_FOLDER_PATH}/RxDataSources.framework",
				"${TARGET_BUILD_DIR}/${FRAMEWORKS_FOLDER_PATH}/RxSwift.framework",
				"${TARGET_BUILD_DIR}/${FRAMEWORKS_FOLDER_PATH}/SwiftyJSON.framework",
			);
			runOnlyForDeploymentPostprocessing = 0;
			shellPath = /bin/sh;
			shellScript = "\"${SRCROOT}/Pods/Target Support Files/Pods-RxCocoaCommunity/Pods-RxCocoaCommunity-frameworks.sh\"\n";
			showEnvVarsInLog = 0;
		};
/* End PBXShellScriptBuildPhase section */

/* Begin PBXSourcesBuildPhase section */
		A0085F0B2180100200A81067 /* Sources */ = {
			isa = PBXSourcesBuildPhase;
			buildActionMask = 2147483647;
			files = (
				A0085F152180100200A81067 /* ViewController.swift in Sources */,
				A0085F132180100200A81067 /* AppDelegate.swift in Sources */,
			);
			runOnlyForDeploymentPostprocessing = 0;
		};
/* End PBXSourcesBuildPhase section */

/* Begin PBXVariantGroup section */
		A0085F162180100200A81067 /* Main.storyboard */ = {
			isa = PBXVariantGroup;
			children = (
				A0085F172180100200A81067 /* Base */,
			);
			name = Main.storyboard;
			sourceTree = "<group>";
		};
		A0085F1B2180100300A81067 /* LaunchScreen.storyboard */ = {
			isa = PBXVariantGroup;
			children = (
				A0085F1C2180100300A81067 /* Base */,
			);
			name = LaunchScreen.storyboard;
			sourceTree = "<group>";
		};
/* End PBXVariantGroup section */

/* Begin XCBuildConfiguration section */
		A0085F1F2180100300A81067 /* Debug */ = {
			isa = XCBuildConfiguration;
			buildSettings = {
				ALWAYS_SEARCH_USER_PATHS = NO;
				CLANG_ANALYZER_NONNULL = YES;
				CLANG_ANALYZER_NUMBER_OBJECT_CONVERSION = YES_AGGRESSIVE;
				CLANG_CXX_LANGUAGE_STANDARD = "gnu++14";
				CLANG_CXX_LIBRARY = "libc++";
				CLANG_ENABLE_MODULES = YES;
				CLANG_ENABLE_OBJC_ARC = YES;
				CLANG_ENABLE_OBJC_WEAK = YES;
				CLANG_WARN_BLOCK_CAPTURE_AUTORELEASING = YES;
				CLANG_WARN_BOOL_CONVERSION = YES;
				CLANG_WARN_COMMA = YES;
				CLANG_WARN_CONSTANT_CONVERSION = YES;
				CLANG_WARN_DEPRECATED_OBJC_IMPLEMENTATIONS = YES;
				CLANG_WARN_DIRECT_OBJC_ISA_USAGE = YES_ERROR;
				CLANG_WARN_DOCUMENTATION_COMMENTS = YES;
				CLANG_WARN_EMPTY_BODY = YES;
				CLANG_WARN_ENUM_CONVERSION = YES;
				CLANG_WARN_INFINITE_RECURSION = YES;
				CLANG_WARN_INT_CONVERSION = YES;
				CLANG_WARN_NON_LITERAL_NULL_CONVERSION = YES;
				CLANG_WARN_OBJC_IMPLICIT_RETAIN_SELF = YES;
				CLANG_WARN_OBJC_LITERAL_CONVERSION = YES;
				CLANG_WARN_OBJC_ROOT_CLASS = YES_ERROR;
				CLANG_WARN_RANGE_LOOP_ANALYSIS = YES;
				CLANG_WARN_STRICT_PROTOTYPES = YES;
				CLANG_WARN_SUSPICIOUS_MOVE = YES;
				CLANG_WARN_UNGUARDED_AVAILABILITY = YES_AGGRESSIVE;
				CLANG_WARN_UNREACHABLE_CODE = YES;
				CLANG_WARN__DUPLICATE_METHOD_MATCH = YES;
				CODE_SIGN_IDENTITY = "iPhone Developer";
				COPY_PHASE_STRIP = NO;
				DEBUG_INFORMATION_FORMAT = dwarf;
				ENABLE_STRICT_OBJC_MSGSEND = YES;
				ENABLE_TESTABILITY = YES;
				GCC_C_LANGUAGE_STANDARD = gnu11;
				GCC_DYNAMIC_NO_PIC = NO;
				GCC_NO_COMMON_BLOCKS = YES;
				GCC_OPTIMIZATION_LEVEL = 0;
				GCC_PREPROCESSOR_DEFINITIONS = (
					"DEBUG=1",
					"$(inherited)",
				);
				GCC_WARN_64_TO_32_BIT_CONVERSION = YES;
				GCC_WARN_ABOUT_RETURN_TYPE = YES_ERROR;
				GCC_WARN_UNDECLARED_SELECTOR = YES;
				GCC_WARN_UNINITIALIZED_AUTOS = YES_AGGRESSIVE;
				GCC_WARN_UNUSED_FUNCTION = YES;
				GCC_WARN_UNUSED_VARIABLE = YES;
				IPHONEOS_DEPLOYMENT_TARGET = 12.0;
				MTL_ENABLE_DEBUG_INFO = INCLUDE_SOURCE;
				MTL_FAST_MATH = YES;
				ONLY_ACTIVE_ARCH = YES;
				SDKROOT = iphoneos;
				SWIFT_ACTIVE_COMPILATION_CONDITIONS = DEBUG;
				SWIFT_OPTIMIZATION_LEVEL = "-Onone";
			};
			name = Debug;
		};
		A0085F202180100300A81067 /* Release */ = {
			isa = XCBuildConfiguration;
			buildSettings = {
				ALWAYS_SEARCH_USER_PATHS = NO;
				CLANG_ANALYZER_NONNULL = YES;
				CLANG_ANALYZER_NUMBER_OBJECT_CONVERSION = YES_AGGRESSIVE;
				CLANG_CXX_LANGUAGE_STANDARD = "gnu++14";
				CLANG_CXX_LIBRARY = "libc++";
				CLANG_ENABLE_MODULES = YES;
				CLANG_ENABLE_OBJC_ARC = YES;
				CLANG_ENABLE_OBJC_WEAK = YES;
				CLANG_WARN_BLOCK_CAPTURE_AUTORELEASING = YES;
				CLANG_WARN_BOOL_CONVERSION = YES;
				CLANG_WARN_COMMA = YES;
				CLANG_WARN_CONSTANT_CONVERSION = YES;
				CLANG_WARN_DEPRECATED_OBJC_IMPLEMENTATIONS = YES;
				CLANG_WARN_DIRECT_OBJC_ISA_USAGE = YES_ERROR;
				CLANG_WARN_DOCUMENTATION_COMMENTS = YES;
				CLANG_WARN_EMPTY_BODY = YES;
				CLANG_WARN_ENUM_CONVERSION = YES;
				CLANG_WARN_INFINITE_RECURSION = YES;
				CLANG_WARN_INT_CONVERSION = YES;
				CLANG_WARN_NON_LITERAL_NULL_CONVERSION = YES;
				CLANG_WARN_OBJC_IMPLICIT_RETAIN_SELF = YES;
				CLANG_WARN_OBJC_LITERAL_CONVERSION = YES;
				CLANG_WARN_OBJC_ROOT_CLASS = YES_ERROR;
				CLANG_WARN_RANGE_LOOP_ANALYSIS = YES;
				CLANG_WARN_STRICT_PROTOTYPES = YES;
				CLANG_WARN_SUSPICIOUS_MOVE = YES;
				CLANG_WARN_UNGUARDED_AVAILABILITY = YES_AGGRESSIVE;
				CLANG_WARN_UNREACHABLE_CODE = YES;
				CLANG_WARN__DUPLICATE_METHOD_MATCH = YES;
				CODE_SIGN_IDENTITY = "iPhone Developer";
				COPY_PHASE_STRIP = NO;
				DEBUG_INFORMATION_FORMAT = "dwarf-with-dsym";
				ENABLE_NS_ASSERTIONS = NO;
				ENABLE_STRICT_OBJC_MSGSEND = YES;
				GCC_C_LANGUAGE_STANDARD = gnu11;
				GCC_NO_COMMON_BLOCKS = YES;
				GCC_WARN_64_TO_32_BIT_CONVERSION = YES;
				GCC_WARN_ABOUT_RETURN_TYPE = YES_ERROR;
				GCC_WARN_UNDECLARED_SELECTOR = YES;
				GCC_WARN_UNINITIALIZED_AUTOS = YES_AGGRESSIVE;
				GCC_WARN_UNUSED_FUNCTION = YES;
				GCC_WARN_UNUSED_VARIABLE = YES;
				IPHONEOS_DEPLOYMENT_TARGET = 12.0;
				MTL_ENABLE_DEBUG_INFO = NO;
				MTL_FAST_MATH = YES;
				SDKROOT = iphoneos;
				SWIFT_COMPILATION_MODE = wholemodule;
				SWIFT_OPTIMIZATION_LEVEL = "-O";
				VALIDATE_PRODUCT = YES;
			};
			name = Release;
		};
		A0085F222180100300A81067 /* Debug */ = {
			isa = XCBuildConfiguration;
			baseConfigurationReference = 9806E42520AF6BA24DB69C28 /* Pods-RxCocoaCommunity.debug.xcconfig */;
			buildSettings = {
				ASSETCATALOG_COMPILER_APPICON_NAME = AppIcon;
				CODE_SIGN_STYLE = Automatic;
				DEVELOPMENT_TEAM = 85NJ3DGBWJ;
				INFOPLIST_FILE = RxCocoaCommunity/Info.plist;
				LD_RUNPATH_SEARCH_PATHS = "$(inherited) @executable_path/Frameworks";
				PRODUCT_BUNDLE_IDENTIFIER = com.ww.RxCocoaCommunity;
				PRODUCT_NAME = "$(TARGET_NAME)";
				SWIFT_VERSION = 4.2;
				TARGETED_DEVICE_FAMILY = "1,2";
			};
			name = Debug;
		};
		A0085F232180100300A81067 /* Release */ = {
			isa = XCBuildConfiguration;
			baseConfigurationReference = B34C7BCB3912B35563D94494 /* Pods-RxCocoaCommunity.release.xcconfig */;
			buildSettings = {
				ASSETCATALOG_COMPILER_APPICON_NAME = AppIcon;
				CODE_SIGN_STYLE = Automatic;
				DEVELOPMENT_TEAM = 85NJ3DGBWJ;
				INFOPLIST_FILE = RxCocoaCommunity/Info.plist;
				LD_RUNPATH_SEARCH_PATHS = "$(inherited) @executable_path/Frameworks";
				PRODUCT_BUNDLE_IDENTIFIER = com.ww.RxCocoaCommunity;
				PRODUCT_NAME = "$(TARGET_NAME)";
				SWIFT_VERSION = 4.2;
				TARGETED_DEVICE_FAMILY = "1,2";
			};
			name = Release;
		};
/* End XCBuildConfiguration section */

/* Begin XCConfigurationList section */
		A0085F0A2180100200A81067 /* Build configuration list for PBXProject "RxCocoaCommunity" */ = {
			isa = XCConfigurationList;
			buildConfigurations = (
				A0085F1F2180100300A81067 /* Debug */,
				A0085F202180100300A81067 /* Release */,
			);
			defaultConfigurationIsVisible = 0;
			defaultConfigurationName = Release;
		};
		A0085F212180100300A81067 /* Build configuration list for PBXNativeTarget "RxCocoaCommunity" */ = {
			isa = XCConfigurationList;
			buildConfigurations = (
				A0085F222180100300A81067 /* Debug */,
				A0085F232180100300A81067 /* Release */,
			);
			defaultConfigurationIsVisible = 0;
			defaultConfigurationName = Release;
		};
/* End XCConfigurationList section */
	};
	rootObject = A0085F072180100200A81067 /* Project object */;
}
